
Microsoft Visual Studio Solution File, Format Version 12.00
# Visual Studio Version 17
VisualStudioVersion = 17.1.32319.34
MinimumVisualStudioVersion = 10.0.40219.1
Project("{FAE04EC0-301F-11D3-BF4B-00C04F79EFBC}") = "WebApiEmployeeDemo", "WebApiEmployeeDemo.csproj", "{218B70FB-62E7-4F31-8873-EDE389446B1E}"
EndProject
Global
	GlobalSection(SolutionConfigurationPlatforms) = preSolution
		Debug|Any CPU = Debug|Any CPU
		Release|Any CPU = Release|Any CPU
	EndGlobalSection
	GlobalSection(ProjectConfigurationPlatforms) = postSolution
		{218B70FB-62E7-4F31-8873-EDE389446B1E}.Debug|Any CPU.ActiveCfg = Debug|Any CPU
		{218B70FB-62E7-4F31-8873-EDE389446B1E}.Debug|Any CPU.Build.0 = Debug|Any CPU
		{218B70FB-62E7-4F31-8873-EDE389446B1E}.Release|Any CPU.ActiveCfg = Release|Any CPU
		{218B70FB-62E7-4F31-8873-EDE389446B1E}.Release|Any CPU.Build.0 = Release|Any CPU
	EndGlobalSection
	GlobalSection(SolutionProperties) = preSolution
		HideSolutionNode = FALSE
	EndGlobalSection
	GlobalSection(ExtensibilityGlobals) = postSolution
		SolutionGuid = {56E5CD7E-6620-44C7-B7F8-B801F5A8C594}
	EndGlobalSection
EndGlobal
